
Microsoft Visual Studio Solution File, Format Version 12.00
# Visual Studio Version 17
VisualStudioVersion = 17.14.36623.8 d17.14
MinimumVisualStudioVersion = 10.0.40219.1
Project("{FAE04EC0-301F-11D3-BF4B-00C04F79EFBC}") = "Invoice", "Invoice.csproj", "{0CDC738C-6B95-4FBE-B3BB-555B252DD2A2}"
EndProject
Global
	GlobalSection(SolutionConfigurationPlatforms) = preSolution
		Debug|Any CPU = Debug|Any CPU
		Release|Any CPU = Release|Any CPU
	EndGlobalSection
	GlobalSection(ProjectConfigurationPlatforms) = postSolution
		{0CDC738C-6B95-4FBE-B3BB-555B252DD2A2}.Debug|Any CPU.ActiveCfg = Debug|Any CPU
		{0CDC738C-6B95-4FBE-B3BB-555B252DD2A2}.Debug|Any CPU.Build.0 = Debug|Any CPU
		{0CDC738C-6B95-4FBE-B3BB-555B252DD2A2}.Release|Any CPU.ActiveCfg = Release|Any CPU
		{0CDC738C-6B95-4FBE-B3BB-555B252DD2A2}.Release|Any CPU.Build.0 = Release|Any CPU
	EndGlobalSection
	GlobalSection(SolutionProperties) = preSolution
		HideSolutionNode = FALSE
	EndGlobalSection
	GlobalSection(ExtensibilityGlobals) = postSolution
		SolutionGuid = {F8BDFBD7-DBF8-4E9E-8DBF-AA06E6786BB0}
	EndGlobalSection
EndGlobal
